
Microsoft Visual Studio Solution File, Format Version 12.00
Project("{2150E333-8FDC-42A3-9474-1A3956D46DE8}") = "Basics1", "Basics1", "{999A7385-8B3F-4F62-AF99-170BD2297430}"
EndProject
Project("{FAE04EC0-301F-11D3-BF4B-00C04F79EFBC}") = "CalculatorLib", "CalculatorLib\CalculatorLib.csproj", "{038CB0AB-8044-480A-BF8C-5F91E71DEA14}"
EndProject
Global
	GlobalSection(SolutionConfigurationPlatforms) = preSolution
		Debug|Any CPU = Debug|Any CPU
		Release|Any CPU = Release|Any CPU
	EndGlobalSection
	GlobalSection(NestedProjects) = preSolution
		{038CB0AB-8044-480A-BF8C-5F91E71DEA14} = {999A7385-8B3F-4F62-AF99-170BD2297430}
	EndGlobalSection
	GlobalSection(ProjectConfigurationPlatforms) = postSolution
		{038CB0AB-8044-480A-BF8C-5F91E71DEA14}.Debug|Any CPU.ActiveCfg = Debug|Any CPU
		{038CB0AB-8044-480A-BF8C-5F91E71DEA14}.Debug|Any CPU.Build.0 = Debug|Any CPU
		{038CB0AB-8044-480A-BF8C-5F91E71DEA14}.Release|Any CPU.ActiveCfg = Release|Any CPU
		{038CB0AB-8044-480A-BF8C-5F91E71DEA14}.Release|Any CPU.Build.0 = Release|Any CPU
	EndGlobalSection
EndGlobal
